PODS:
  - Flutter (1.0.0)
  - flutter_star_prnt (0.0.1):
    - Flutter

DEPENDENCIES:
  - Flutter (from `Flutter`)
  - flutter_star_prnt (from `.symlinks/plugins/flutter_star_prnt/ios`)

EXTERNAL SOURCES:
  Flutter:
    :path: Flutter
  flutter_star_prnt:
    :path: ".symlinks/plugins/flutter_star_prnt/ios"

SPEC CHECKSUMS:
  Flutter: e0871f40cf51350855a761d2e70bf5af5b9b5de7
  flutter_star_prnt: c4ea89b6b9ccb708624f5830c9d34b7ee1165999

PODFILE CHECKSUM: c4c93c5f6502fe2754f48404d3594bf779584011

COCOAPODS: 1.15.2
